
Microsoft Visual Studio Solution File, Format Version 12.00
# Visual Studio Version 17
VisualStudioVersion = 17.0.31903.59
MinimumVisualStudioVersion = 10.0.40219.1
Project("{9A19103F-16F7-4668-BE54-9A1E7A4F7556}") = "Choir.Driver", "Choir.Driver\Choir.Driver.csproj", "{DD9B31A6-AE2F-4288-8B3B-0425277FC803}"
EndProject
Global
	GlobalSection(SolutionConfigurationPlatforms) = preSolution
		Debug|x64 = Debug|x64
		Release|x64 = Release|x64
	EndGlobalSection
	GlobalSection(ProjectConfigurationPlatforms) = postSolution
		{DD9B31A6-AE2F-4288-8B3B-0425277FC803}.Debug|x64.ActiveCfg = Debug|Any CPU
		{DD9B31A6-AE2F-4288-8B3B-0425277FC803}.Debug|x64.Build.0 = Debug|Any CPU
		{DD9B31A6-AE2F-4288-8B3B-0425277FC803}.Release|x64.ActiveCfg = Release|x64
		{DD9B31A6-AE2F-4288-8B3B-0425277FC803}.Release|x64.Build.0 = Release|x64
	EndGlobalSection
	GlobalSection(SolutionProperties) = preSolution
		HideSolutionNode = FALSE
	EndGlobalSection
	GlobalSection(ExtensibilityGlobals) = postSolution
		SolutionGuid = {5B5641C5-B1F3-4A65-B939-20983EEF32BF}
	EndGlobalSection
EndGlobal
