
Microsoft Visual Studio Solution File, Format Version 12.00
# Visual Studio Version 17
VisualStudioVersion = 17.0.31903.59
MinimumVisualStudioVersion = 10.0.40219.1
Project("{9A19103F-16F7-4668-BE54-9A1E7A4F7556}") = "Choir", "Choir\Choir.csproj", "{697F31C6-EE5C-439A-B0B8-E6EDB4ABB595}"
EndProject
Project("{9A19103F-16F7-4668-BE54-9A1E7A4F7556}") = "Choir.FrontEnd.C", "Choir.FrontEnd.C\Choir.FrontEnd.C.csproj", "{9E41D15C-B903-4489-A6DD-FEB9385ECC58}"
EndProject
Project("{9A19103F-16F7-4668-BE54-9A1E7A4F7556}") = "Choir.FrontEnd.Laye", "Choir.FrontEnd.Laye\Choir.FrontEnd.Laye.csproj", "{FE8C000E-5840-479B-8AD7-D2FB04220B78}"
EndProject
Project("{9A19103F-16F7-4668-BE54-9A1E7A4F7556}") = "Choir.FrontEnd.Score", "Choir.FrontEnd.Score\Choir.FrontEnd.Score.csproj", "{50635998-5CD2-4AB1-B001-249B9489A03F}"
EndProject
Project("{FAE04EC0-301F-11D3-BF4B-00C04F79EFBC}") = "Choir.Tests", "Choir.Tests\Choir.Tests.csproj", "{B8992722-D53E-4475-BE47-71493C250C91}"
EndProject
Global
	GlobalSection(SolutionConfigurationPlatforms) = preSolution
		Debug|Any CPU = Debug|Any CPU
		Release|Any CPU = Release|Any CPU
	EndGlobalSection
	GlobalSection(ProjectConfigurationPlatforms) = postSolution
		{697F31C6-EE5C-439A-B0B8-E6EDB4ABB595}.Debug|Any CPU.ActiveCfg = Debug|Any CPU
		{697F31C6-EE5C-439A-B0B8-E6EDB4ABB595}.Debug|Any CPU.Build.0 = Debug|Any CPU
		{697F31C6-EE5C-439A-B0B8-E6EDB4ABB595}.Release|Any CPU.ActiveCfg = Release|Any CPU
		{697F31C6-EE5C-439A-B0B8-E6EDB4ABB595}.Release|Any CPU.Build.0 = Release|Any CPU
		{9E41D15C-B903-4489-A6DD-FEB9385ECC58}.Debug|Any CPU.ActiveCfg = Debug|Any CPU
		{9E41D15C-B903-4489-A6DD-FEB9385ECC58}.Debug|Any CPU.Build.0 = Debug|Any CPU
		{9E41D15C-B903-4489-A6DD-FEB9385ECC58}.Release|Any CPU.ActiveCfg = Release|Any CPU
		{9E41D15C-B903-4489-A6DD-FEB9385ECC58}.Release|Any CPU.Build.0 = Release|Any CPU
		{FE8C000E-5840-479B-8AD7-D2FB04220B78}.Debug|Any CPU.ActiveCfg = Debug|Any CPU
		{FE8C000E-5840-479B-8AD7-D2FB04220B78}.Debug|Any CPU.Build.0 = Debug|Any CPU
		{FE8C000E-5840-479B-8AD7-D2FB04220B78}.Release|Any CPU.ActiveCfg = Release|Any CPU
		{FE8C000E-5840-479B-8AD7-D2FB04220B78}.Release|Any CPU.Build.0 = Release|Any CPU
		{50635998-5CD2-4AB1-B001-249B9489A03F}.Debug|Any CPU.ActiveCfg = Debug|Any CPU
		{50635998-5CD2-4AB1-B001-249B9489A03F}.Debug|Any CPU.Build.0 = Debug|Any CPU
		{50635998-5CD2-4AB1-B001-249B9489A03F}.Release|Any CPU.ActiveCfg = Release|Any CPU
		{50635998-5CD2-4AB1-B001-249B9489A03F}.Release|Any CPU.Build.0 = Release|Any CPU
		{B8992722-D53E-4475-BE47-71493C250C91}.Debug|Any CPU.ActiveCfg = Debug|Any CPU
		{B8992722-D53E-4475-BE47-71493C250C91}.Debug|Any CPU.Build.0 = Debug|Any CPU
		{B8992722-D53E-4475-BE47-71493C250C91}.Release|Any CPU.ActiveCfg = Release|Any CPU
		{B8992722-D53E-4475-BE47-71493C250C91}.Release|Any CPU.Build.0 = Release|Any CPU
	EndGlobalSection
	GlobalSection(SolutionProperties) = preSolution
		HideSolutionNode = FALSE
	EndGlobalSection
	GlobalSection(ExtensibilityGlobals) = postSolution
		SolutionGuid = {2CF1B7AE-61CF-484C-BFC9-EC5E06FA8BAA}
	EndGlobalSection
EndGlobal
